Microsoft Visual Studio Solution File, Format Version 11.00
# Visual Studio 2008

Project("{EDC1699F-DD74-866E-46A1-271F7B94B2D8}") = "RhythmNinja", "Assembly-CSharp.csproj", "{1C275A6B-7DC3-0979-CA38-D2BCF23FA71E}"
EndProject
Project("{EDC1699F-DD74-866E-46A1-271F7B94B2D8}") = "RhythmNinja", "Assembly-CSharp-Editor.csproj", "{5CE18904-CF89-6642-56A4-6D9D066FBB15}"
EndProject
Global
	GlobalSection(SolutionConfigurationPlatforms) = preSolution
		Debug|Any CPU = Debug|Any CPU
		Release|Any CPU = Release|Any CPU
	EndGlobalSection
	GlobalSection(ProjectConfigurationPlatforms) = postSolution
		{1C275A6B-7DC3-0979-CA38-D2BCF23FA71E}.Debug|Any CPU.ActiveCfg = Debug|Any CPU
		{1C275A6B-7DC3-0979-CA38-D2BCF23FA71E}.Debug|Any CPU.Build.0 = Debug|Any CPU
		{1C275A6B-7DC3-0979-CA38-D2BCF23FA71E}.Release|Any CPU.ActiveCfg = Release|Any CPU
		{1C275A6B-7DC3-0979-CA38-D2BCF23FA71E}.Release|Any CPU.Build.0 = Release|Any CPU
		{5CE18904-CF89-6642-56A4-6D9D066FBB15}.Debug|Any CPU.ActiveCfg = Debug|Any CPU
		{5CE18904-CF89-6642-56A4-6D9D066FBB15}.Debug|Any CPU.Build.0 = Debug|Any CPU
		{5CE18904-CF89-6642-56A4-6D9D066FBB15}.Release|Any CPU.ActiveCfg = Release|Any CPU
		{5CE18904-CF89-6642-56A4-6D9D066FBB15}.Release|Any CPU.Build.0 = Release|Any CPU
	EndGlobalSection
	GlobalSection(SolutionProperties) = preSolution
		HideSolutionNode = FALSE
	EndGlobalSection
	GlobalSection(MonoDevelopProperties) = preSolution
		StartupItem = Assembly-CSharp.csproj
	EndGlobalSection
EndGlobal
